// !$*UTF8*$!
{
	archiveVersion = 1;
	classes = {
	};
	objectVersion = 52;
	objects = {

/* Begin PBXBuildFile section */
		110647FE23AE17C2004B87DC /* AppDelegate.swift in Sources */ = {isa = PBXBuildFile; fileRef = 110647FD23AE17C2004B87DC /* AppDelegate.swift */; };
		1106480023AE17C2004B87DC /* SceneDelegate.swift in Sources */ = {isa = PBXBuildFile; fileRef = 110647FF23AE17C2004B87DC /* SceneDelegate.swift */; };
		1106480223AE17C2004B87DC /* ViewController.swift in Sources */ = {isa = PBXBuildFile; fileRef = 1106480123AE17C2004B87DC /* ViewController.swift */; };
		1106480523AE17C2004B87DC /* Main.storyboard in Resources */ = {isa = PBXBuildFile; fileRef = 1106480323AE17C2004B87DC /* Main.storyboard */; };
		1106480723AE17C6004B87DC /* Assets.xcassets in Resources */ = {isa = PBXBuildFile; fileRef = 1106480623AE17C6004B87DC /* Assets.xcassets */; };
		1106480A23AE17C6004B87DC /* LaunchScreen.storyboard in Resources */ = {isa = PBXBuildFile; fileRef = 1106480823AE17C6004B87DC /* LaunchScreen.storyboard */; };
		1106481223AE37BB004B87DC /* Server.swift in Sources */ = {isa = PBXBuildFile; fileRef = 1106481123AE37BB004B87DC /* Server.swift */; };
		1106481523AE3B10004B87DC /* Alamofire in Frameworks */ = {isa = PBXBuildFile; productRef = 1106481423AE3B10004B87DC /* Alamofire */; };
		1106481823AE3BAC004B87DC /* SwiftyJSON in Frameworks */ = {isa = PBXBuildFile; productRef = 1106481723AE3BAC004B87DC /* SwiftyJSON */; };
		1106481B23AE3BE1004B87DC /* ObjectMapper in Frameworks */ = {isa = PBXBuildFile; productRef = 1106481A23AE3BE1004B87DC /* ObjectMapper */; };
		1106481D23AE4E6A004B87DC /* Account.swift in Sources */ = {isa = PBXBuildFile; fileRef = 1106481C23AE4E6A004B87DC /* Account.swift */; };
		1106481F23AE83C5004B87DC /* MainPageViewController.swift in Sources */ = {isa = PBXBuildFile; fileRef = 1106481E23AE83C5004B87DC /* MainPageViewController.swift */; };
		1106482123AE9D2A004B87DC /* SignUpViewController.swift in Sources */ = {isa = PBXBuildFile; fileRef = 1106482023AE9D2A004B87DC /* SignUpViewController.swift */; };
		1106482523AFA449004B87DC /* TransrecordViewController.swift in Sources */ = {isa = PBXBuildFile; fileRef = 1106482423AFA449004B87DC /* TransrecordViewController.swift */; };
		1106482723AFAD4A004B87DC /* TransRecord.swift in Sources */ = {isa = PBXBuildFile; fileRef = 1106482623AFAD4A004B87DC /* TransRecord.swift */; };
		1106482923B062D2004B87DC /* TransferViewController.swift in Sources */ = {isa = PBXBuildFile; fileRef = 1106482823B062D2004B87DC /* TransferViewController.swift */; };
		1106482B23B0F90C004B87DC /* MyPageViewController.swift in Sources */ = {isa = PBXBuildFile; fileRef = 1106482A23B0F90B004B87DC /* MyPageViewController.swift */; };
/* End PBXBuildFile section */

/* Begin PBXFileReference section */
		110647FA23AE17C2004B87DC /* databaseBank.app */ = {isa = PBXFileReference; explicitFileType = wrapper.application; includeInIndex = 0; path = databaseBank.app; sourceTree = BUILT_PRODUCTS_DIR; };
		110647FD23AE17C2004B87DC /* AppDelegate.swift */ = {isa = PBXFileReference; lastKnownFileType = sourcecode.swift; path = AppDelegate.swift; sourceTree = "<group>"; };
		110647FF23AE17C2004B87DC /* SceneDelegate.swift */ = {isa = PBXFileReference; lastKnownFileType = sourcecode.swift; path = SceneDelegate.swift; sourceTree = "<group>"; };
		1106480123AE17C2004B87DC /* ViewController.swift */ = {isa = PBXFileReference; lastKnownFileType = sourcecode.swift; path = ViewController.swift; sourceTree = "<group>"; };
		1106480423AE17C2004B87DC /* Base */ = {isa = PBXFileReference; lastKnownFileType = file.storyboard; name = Base; path = Base.lproj/Main.storyboard; sourceTree = "<group>"; };
		1106480623AE17C6004B87DC /* Assets.xcassets */ = {isa = PBXFileReference; lastKnownFileType = folder.assetcatalog; path = Assets.xcassets; sourceTree = "<group>"; };
		1106480923AE17C6004B87DC /* Base */ = {isa = PBXFileReference; lastKnownFileType = file.storyboard; name = Base; path = Base.lproj/LaunchScreen.storyboard; sourceTree = "<group>"; };
		1106480B23AE17C6004B87DC /* Info.plist */ = {isa = PBXFileReference; lastKnownFileType = text.plist.xml; path = Info.plist; sourceTree = "<group>"; };
		1106481123AE37BB004B87DC /* Server.swift */ = {isa = PBXFileReference; lastKnownFileType = sourcecode.swift; path = Server.swift; sourceTree = "<group>"; };
		1106481C23AE4E6A004B87DC /* Account.swift */ = {isa = PBXFileReference; lastKnownFileType = sourcecode.swift; path = Account.swift; sourceTree = "<group>"; };
		1106481E23AE83C5004B87DC /* MainPageViewController.swift */ = {isa = PBXFileReference; lastKnownFileType = sourcecode.swift; path = MainPageViewController.swift; sourceTree = "<group>"; };
		1106482023AE9D2A004B87DC /* SignUpViewController.swift */ = {isa = PBXFileReference; lastKnownFileType = sourcecode.swift; path = SignUpViewController.swift; sourceTree = "<group>"; };
		1106482423AFA449004B87DC /* TransrecordViewController.swift */ = {isa = PBXFileReference; lastKnownFileType = sourcecode.swift; path = TransrecordViewController.swift; sourceTree = "<group>"; };
		1106482623AFAD4A004B87DC /* TransRecord.swift */ = {isa = PBXFileReference; lastKnownFileType = sourcecode.swift; path = TransRecord.swift; sourceTree = "<group>"; };
		1106482823B062D2004B87DC /* TransferViewController.swift */ = {isa = PBXFileReference; lastKnownFileType = sourcecode.swift; path = TransferViewController.swift; sourceTree = "<group>"; };
		1106482A23B0F90B004B87DC /* MyPageViewController.swift */ = {isa = PBXFileReference; lastKnownFileType = sourcecode.swift; path = MyPageViewController.swift; sourceTree = "<group>"; };
/* End PBXFileReference section */

/* Begin PBXFrameworksBuildPhase section */
		110647F723AE17C2004B87DC /* Frameworks */ = {
			isa = PBXFrameworksBuildPhase;
			buildActionMask = 2147483647;
			files = (
				1106481B23AE3BE1004B87DC /* ObjectMapper in Frameworks */,
				1106481823AE3BAC004B87DC /* SwiftyJSON in Frameworks */,
				1106481523AE3B10004B87DC /* Alamofire in Frameworks */,
			);
			runOnlyForDeploymentPostprocessing = 0;
		};
/* End PBXFrameworksBuildPhase section */

/* Begin PBXGroup section */
		110647F123AE17C2004B87DC = {
			isa = PBXGroup;
			children = (
				110647FC23AE17C2004B87DC /* databaseBank */,
				110647FB23AE17C2004B87DC /* Products */,
			);
			sourceTree = "<group>";
		};
		110647FB23AE17C2004B87DC /* Products */ = {
			isa = PBXGroup;
			children = (
				110647FA23AE17C2004B87DC /* databaseBank.app */,
			);
			name = Products;
			sourceTree = "<group>";
		};
		110647FC23AE17C2004B87DC /* databaseBank */ = {
			isa = PBXGroup;
			children = (
				1106481123AE37BB004B87DC /* Server.swift */,
				110647FD23AE17C2004B87DC /* AppDelegate.swift */,
				110647FF23AE17C2004B87DC /* SceneDelegate.swift */,
				1106480123AE17C2004B87DC /* ViewController.swift */,
				1106480323AE17C2004B87DC /* Main.storyboard */,
				1106480623AE17C6004B87DC /* Assets.xcassets */,
				1106480823AE17C6004B87DC /* LaunchScreen.storyboard */,
				1106480B23AE17C6004B87DC /* Info.plist */,
				1106481C23AE4E6A004B87DC /* Account.swift */,
				1106481E23AE83C5004B87DC /* MainPageViewController.swift */,
				1106482023AE9D2A004B87DC /* SignUpViewController.swift */,
				1106482423AFA449004B87DC /* TransrecordViewController.swift */,
				1106482623AFAD4A004B87DC /* TransRecord.swift */,
				1106482823B062D2004B87DC /* TransferViewController.swift */,
				1106482A23B0F90B004B87DC /* MyPageViewController.swift */,
			);
			path = databaseBank;
			sourceTree = "<group>";
		};
/* End PBXGroup section */

/* Begin PBXNativeTarget section */
		110647F923AE17C2004B87DC /* databaseBank */ = {
			isa = PBXNativeTarget;
			buildConfigurationList = 1106480E23AE17C6004B87DC /* Build configuration list for PBXNativeTarget "databaseBank" */;
			buildPhases = (
				110647F623AE17C2004B87DC /* Sources */,
				110647F723AE17C2004B87DC /* Frameworks */,
				110647F823AE17C2004B87DC /* Resources */,
			);
			buildRules = (
			);
			dependencies = (
			);
			name = databaseBank;
			packageProductDependencies = (
				1106481423AE3B10004B87DC /* Alamofire */,
				1106481723AE3BAC004B87DC /* SwiftyJSON */,
				1106481A23AE3BE1004B87DC /* ObjectMapper */,
			);
			productName = databaseBank;
			productReference = 110647FA23AE17C2004B87DC /* databaseBank.app */;
			productType = "com.apple.product-type.application";
		};
/* End PBXNativeTarget section */

/* Begin PBXProject section */
		110647F223AE17C2004B87DC /* Project object */ = {
			isa = PBXProject;
			attributes = {
				LastSwiftUpdateCheck = 1120;
				LastUpgradeCheck = 1120;
				ORGANIZATIONNAME = Yuhan_Chan;
				TargetAttributes = {
					110647F923AE17C2004B87DC = {
						CreatedOnToolsVersion = 11.2.1;
					};
				};
			};
			buildConfigurationList = 110647F523AE17C2004B87DC /* Build configuration list for PBXProject "databaseBank" */;
			compatibilityVersion = "Xcode 9.3";
			developmentRegion = en;
			hasScannedForEncodings = 0;
			knownRegions = (
				en,
				Base,
			);
			mainGroup = 110647F123AE17C2004B87DC;
			packageReferences = (
				1106481323AE3B10004B87DC /* XCRemoteSwiftPackageReference "Alamofire" */,
				1106481623AE3BAC004B87DC /* XCRemoteSwiftPackageReference "SwiftyJSON" */,
				1106481923AE3BE1004B87DC /* XCRemoteSwiftPackageReference "ObjectMapper" */,
			);
			productRefGroup = 110647FB23AE17C2004B87DC /* Products */;
			projectDirPath = "";
			projectRoot = "";
			targets = (
				110647F923AE17C2004B87DC /* databaseBank */,
			);
		};
/* End PBXProject section */

/* Begin PBXResourcesBuildPhase section */
		110647F823AE17C2004B87DC /* Resources */ = {
			isa = PBXResourcesBuildPhase;
			buildActionMask = 2147483647;
			files = (
				1106480A23AE17C6004B87DC /* LaunchScreen.storyboard in Resources */,
				1106480723AE17C6004B87DC /* Assets.xcassets in Resources */,
				1106480523AE17C2004B87DC /* Main.storyboard in Resources */,
			);
			runOnlyForDeploymentPostprocessing = 0;
		};
/* End PBXResourcesBuildPhase section */

/* Begin PBXSourcesBuildPhase section */
		110647F623AE17C2004B87DC /* Sources */ = {
			isa = PBXSourcesBuildPhase;
			buildActionMask = 2147483647;
			files = (
				1106482523AFA449004B87DC /* TransrecordViewController.swift in Sources */,
				1106482923B062D2004B87DC /* TransferViewController.swift in Sources */,
				1106481D23AE4E6A004B87DC /* Account.swift in Sources */,
				1106482123AE9D2A004B87DC /* SignUpViewController.swift in Sources */,
				1106480223AE17C2004B87DC /* ViewController.swift in Sources */,
				110647FE23AE17C2004B87DC /* AppDelegate.swift in Sources */,
				1106482B23B0F90C004B87DC /* MyPageViewController.swift in Sources */,
				1106481223AE37BB004B87DC /* Server.swift in Sources */,
				1106481F23AE83C5004B87DC /* MainPageViewController.swift in Sources */,
				1106480023AE17C2004B87DC /* SceneDelegate.swift in Sources */,
				1106482723AFAD4A004B87DC /* TransRecord.swift in Sources */,
			);
			runOnlyForDeploymentPostprocessing = 0;
		};
/* End PBXSourcesBuildPhase section */

/* Begin PBXVariantGroup section */
		1106480323AE17C2004B87DC /* Main.storyboard */ = {
			isa = PBXVariantGroup;
			children = (
				1106480423AE17C2004B87DC /* Base */,
			);
			name = Main.storyboard;
			sourceTree = "<group>";
		};
		1106480823AE17C6004B87DC /* LaunchScreen.storyboard */ = {
			isa = PBXVariantGroup;
			children = (
				1106480923AE17C6004B87DC /* Base */,
			);
			name = LaunchScreen.storyboard;
			sourceTree = "<group>";
		};
/* End PBXVariantGroup section */

/* Begin XCBuildConfiguration section */
		1106480C23AE17C6004B87DC /* Debug */ = {
			isa = XCBuildConfiguration;
			buildSettings = {
				ALWAYS_SEARCH_USER_PATHS = NO;
				CLANG_ANALYZER_NONNULL = YES;
				CLANG_ANALYZER_NUMBER_OBJECT_CONVERSION = YES_AGGRESSIVE;
				CLANG_CXX_LANGUAGE_STANDARD = "gnu++14";
				CLANG_CXX_LIBRARY = "libc++";
				CLANG_ENABLE_MODULES = YES;
				CLANG_ENABLE_OBJC_ARC = YES;
				CLANG_ENABLE_OBJC_WEAK = YES;
				CLANG_WARN_BLOCK_CAPTURE_AUTORELEASING = YES;
				CLANG_WARN_BOOL_CONVERSION = YES;
				CLANG_WARN_COMMA = YES;
				CLANG_WARN_CONSTANT_CONVERSION = YES;
				CLANG_WARN_DEPRECATED_OBJC_IMPLEMENTATIONS = YES;
				CLANG_WARN_DIRECT_OBJC_ISA_USAGE = YES_ERROR;
				CLANG_WARN_DOCUMENTATION_COMMENTS = YES;
				CLANG_WARN_EMPTY_BODY = YES;
				CLANG_WARN_ENUM_CONVERSION = YES;
				CLANG_WARN_INFINITE_RECURSION = YES;
				CLANG_WARN_INT_CONVERSION = YES;
				CLANG_WARN_NON_LITERAL_NULL_CONVERSION = YES;
				CLANG_WARN_OBJC_IMPLICIT_RETAIN_SELF = YES;
				CLANG_WARN_OBJC_LITERAL_CONVERSION = YES;
				CLANG_WARN_OBJC_ROOT_CLASS = YES_ERROR;
				CLANG_WARN_RANGE_LOOP_ANALYSIS = YES;
				CLANG_WARN_STRICT_PROTOTYPES = YES;
				CLANG_WARN_SUSPICIOUS_MOVE = YES;
				CLANG_WARN_UNGUARDED_AVAILABILITY = YES_AGGRESSIVE;
				CLANG_WARN_UNREACHABLE_CODE = YES;
				CLANG_WARN__DUPLICATE_METHOD_MATCH = YES;
				COPY_PHASE_STRIP = NO;
				DEBUG_INFORMATION_FORMAT = dwarf;
				ENABLE_STRICT_OBJC_MSGSEND = YES;
				ENABLE_TESTABILITY = YES;
				GCC_C_LANGUAGE_STANDARD = gnu11;
				GCC_DYNAMIC_NO_PIC = NO;
				GCC_NO_COMMON_BLOCKS = YES;
				GCC_OPTIMIZATION_LEVEL = 0;
				GCC_PREPROCESSOR_DEFINITIONS = (
					"DEBUG=1",
					"$(inherited)",
				);
				GCC_WARN_64_TO_32_BIT_CONVERSION = YES;
				GCC_WARN_ABOUT_RETURN_TYPE = YES_ERROR;
				GCC_WARN_UNDECLARED_SELECTOR = YES;
				GCC_WARN_UNINITIALIZED_AUTOS = YES_AGGRESSIVE;
				GCC_WARN_UNUSED_FUNCTION = YES;
				GCC_WARN_UNUSED_VARIABLE = YES;
				IPHONEOS_DEPLOYMENT_TARGET = 13.2;
				MTL_ENABLE_DEBUG_INFO = INCLUDE_SOURCE;
				MTL_FAST_MATH = YES;
				ONLY_ACTIVE_ARCH = YES;
				SDKROOT = iphoneos;
				SWIFT_ACTIVE_COMPILATION_CONDITIONS = DEBUG;
				SWIFT_OPTIMIZATION_LEVEL = "-Onone";
			};
			name = Debug;
		};
		1106480D23AE17C6004B87DC /* Release */ = {
			isa = XCBuildConfiguration;
			buildSettings = {
				ALWAYS_SEARCH_USER_PATHS = NO;
				CLANG_ANALYZER_NONNULL = YES;
				CLANG_ANALYZER_NUMBER_OBJECT_CONVERSION = YES_AGGRESSIVE;
				CLANG_CXX_LANGUAGE_STANDARD = "gnu++14";
				CLANG_CXX_LIBRARY = "libc++";
				CLANG_ENABLE_MODULES = YES;
				CLANG_ENABLE_OBJC_ARC = YES;
				CLANG_ENABLE_OBJC_WEAK = YES;
				CLANG_WARN_BLOCK_CAPTURE_AUTORELEASING = YES;
				CLANG_WARN_BOOL_CONVERSION = YES;
				CLANG_WARN_COMMA = YES;
				CLANG_WARN_CONSTANT_CONVERSION = YES;
				CLANG_WARN_DEPRECATED_OBJC_IMPLEMENTATIONS = YES;
				CLANG_WARN_DIRECT_OBJC_ISA_USAGE = YES_ERROR;
				CLANG_WARN_DOCUMENTATION_COMMENTS = YES;
				CLANG_WARN_EMPTY_BODY = YES;
				CLANG_WARN_ENUM_CONVERSION = YES;
				CLANG_WARN_INFINITE_RECURSION = YES;
				CLANG_WARN_INT_CONVERSION = YES;
				CLANG_WARN_NON_LITERAL_NULL_CONVERSION = YES;
				CLANG_WARN_OBJC_IMPLICIT_RETAIN_SELF = YES;
				CLANG_WARN_OBJC_LITERAL_CONVERSION = YES;
				CLANG_WARN_OBJC_ROOT_CLASS = YES_ERROR;
				CLANG_WARN_RANGE_LOOP_ANALYSIS = YES;
				CLANG_WARN_STRICT_PROTOTYPES = YES;
				CLANG_WARN_SUSPICIOUS_MOVE = YES;
				CLANG_WARN_UNGUARDED_AVAILABILITY = YES_AGGRESSIVE;
				CLANG_WARN_UNREACHABLE_CODE = YES;
				CLANG_WARN__DUPLICATE_METHOD_MATCH = YES;
				COPY_PHASE_STRIP = NO;
				DEBUG_INFORMATION_FORMAT = "dwarf-with-dsym";
				ENABLE_NS_ASSERTIONS = NO;
				ENABLE_STRICT_OBJC_MSGSEND = YES;
				GCC_C_LANGUAGE_STANDARD = gnu11;
				GCC_NO_COMMON_BLOCKS = YES;
				GCC_WARN_64_TO_32_BIT_CONVERSION = YES;
				GCC_WARN_ABOUT_RETURN_TYPE = YES_ERROR;
				GCC_WARN_UNDECLARED_SELECTOR = YES;
				GCC_WARN_UNINITIALIZED_AUTOS = YES_AGGRESSIVE;
				GCC_WARN_UNUSED_FUNCTION = YES;
				GCC_WARN_UNUSED_VARIABLE = YES;
				IPHONEOS_DEPLOYMENT_TARGET = 13.2;
				MTL_ENABLE_DEBUG_INFO = NO;
				MTL_FAST_MATH = YES;
				SDKROOT = iphoneos;
				SWIFT_COMPILATION_MODE = wholemodule;
				SWIFT_OPTIMIZATION_LEVEL = "-O";
				VALIDATE_PRODUCT = YES;
			};
			name = Release;
		};
		1106480F23AE17C6004B87DC /* Debug */ = {
			isa = XCBuildConfiguration;
			buildSettings = {
				ASSETCATALOG_COMPILER_APPICON_NAME = AppIcon;
				CODE_SIGN_STYLE = Automatic;
				DEVELOPMENT_TEAM = GT59YR9W9T;
				INFOPLIST_FILE = databaseBank/Info.plist;
				LD_RUNPATH_SEARCH_PATHS = (
					"$(inherited)",
					"@executable_path/Frameworks",
				);
				PRODUCT_BUNDLE_IDENTIFIER = yuhan.dataBaseBankDemo;
				PRODUCT_NAME = "$(TARGET_NAME)";
				SWIFT_VERSION = 5.0;
				TARGETED_DEVICE_FAMILY = "1,2";
			};
			name = Debug;
		};
		1106481023AE17C6004B87DC /* Release */ = {
			isa = XCBuildConfiguration;
			buildSettings = {
				ASSETCATALOG_COMPILER_APPICON_NAME = AppIcon;
				CODE_SIGN_STYLE = Automatic;
				DEVELOPMENT_TEAM = GT59YR9W9T;
				INFOPLIST_FILE = databaseBank/Info.plist;
				LD_RUNPATH_SEARCH_PATHS = (
					"$(inherited)",
					"@executable_path/Frameworks",
				);
				PRODUCT_BUNDLE_IDENTIFIER = yuhan.dataBaseBankDemo;
				PRODUCT_NAME = "$(TARGET_NAME)";
				SWIFT_VERSION = 5.0;
				TARGETED_DEVICE_FAMILY = "1,2";
			};
			name = Release;
		};
/* End XCBuildConfiguration section */

/* Begin XCConfigurationList section */
		110647F523AE17C2004B87DC /* Build configuration list for PBXProject "databaseBank" */ = {
			isa = XCConfigurationList;
			buildConfigurations = (
				1106480C23AE17C6004B87DC /* Debug */,
				1106480D23AE17C6004B87DC /* Release */,
			);
			defaultConfigurationIsVisible = 0;
			defaultConfigurationName = Release;
		};
		1106480E23AE17C6004B87DC /* Build configuration list for PBXNativeTarget "databaseBank" */ = {
			isa = XCConfigurationList;
			buildConfigurations = (
				1106480F23AE17C6004B87DC /* Debug */,
				1106481023AE17C6004B87DC /* Release */,
			);
			defaultConfigurationIsVisible = 0;
			defaultConfigurationName = Release;
		};
/* End XCConfigurationList section */

/* Begin XCRemoteSwiftPackageReference section */
		1106481323AE3B10004B87DC /* XCRemoteSwiftPackageReference "Alamofire" */ = {
			isa = XCRemoteSwiftPackageReference;
			repositoryURL = "https://github.com/Alamofire/Alamofire";
			requirement = {
				branch = master;
				kind = branch;
			};
		};
		1106481623AE3BAC004B87DC /* XCRemoteSwiftPackageReference "SwiftyJSON" */ = {
			isa = XCRemoteSwiftPackageReference;
			repositoryURL = "https://github.com/SwiftyJSON/SwiftyJSON";
			requirement = {
				branch = master;
				kind = branch;
			};
		};
		1106481923AE3BE1004B87DC /* XCRemoteSwiftPackageReference "ObjectMapper" */ = {
			isa = XCRemoteSwiftPackageReference;
			repositoryURL = "https://github.com/tristanhimmelman/ObjectMapper";
			requirement = {
				branch = master;
				kind = branch;
			};
		};
/* End XCRemoteSwiftPackageReference section */

/* Begin XCSwiftPackageProductDependency section */
		1106481423AE3B10004B87DC /* Alamofire */ = {
			isa = XCSwiftPackageProductDependency;
			package = 1106481323AE3B10004B87DC /* XCRemoteSwiftPackageReference "Alamofire" */;
			productName = Alamofire;
		};
		1106481723AE3BAC004B87DC /* SwiftyJSON */ = {
			isa = XCSwiftPackageProductDependency;
			package = 1106481623AE3BAC004B87DC /* XCRemoteSwiftPackageReference "SwiftyJSON" */;
			productName = SwiftyJSON;
		};
		1106481A23AE3BE1004B87DC /* ObjectMapper */ = {
			isa = XCSwiftPackageProductDependency;
			package = 1106481923AE3BE1004B87DC /* XCRemoteSwiftPackageReference "ObjectMapper" */;
			productName = ObjectMapper;
		};
/* End XCSwiftPackageProductDependency section */
	};
	rootObject = 110647F223AE17C2004B87DC /* Project object */;
}
